// !$*UTF8*$!
{
	archiveVersion = 1;
	classes = {
	};
	objectVersion = 46;
	objects = {

/* Begin PBXBuildFile section */
		2504B5B21E27AEC500D6C161 /* WKSearchBar.m in Sources */ = {isa = PBXBuildFile; fileRef = 2504B5B11E27AEC500D6C161 /* WKSearchBar.m */; };
		2504B5B51E27AED200D6C161 /* UIImage+Extension.m in Sources */ = {isa = PBXBuildFile; fileRef = 2504B5B41E27AED200D6C161 /* UIImage+Extension.m */; };
		252507131E287741008F607A /* WKTabBar.m in Sources */ = {isa = PBXBuildFile; fileRef = 252507121E287741008F607A /* WKTabBar.m */; };
		2525071A1E289A76008F607A /* WKPublishViewController.m in Sources */ = {isa = PBXBuildFile; fileRef = 252507191E289A76008F607A /* WKPublishViewController.m */; };
		2525071D1E28D7F5008F607A /* WKNewFeatureViewController.m in Sources */ = {isa = PBXBuildFile; fileRef = 2525071C1E28D7F5008F607A /* WKNewFeatureViewController.m */; };
		255A19B91E269B8B00D65A05 /* main.m in Sources */ = {isa = PBXBuildFile; fileRef = 255A19B81E269B8B00D65A05 /* main.m */; };
		255A19C41E269B8B00D65A05 /* Assets.xcassets in Resources */ = {isa = PBXBuildFile; fileRef = 255A19C31E269B8B00D65A05 /* Assets.xcassets */; };
		255A19C71E269B8B00D65A05 /* LaunchScreen.storyboard in Resources */ = {isa = PBXBuildFile; fileRef = 255A19C51E269B8B00D65A05 /* LaunchScreen.storyboard */; };
		255A19D21E269B8B00D65A05 /* ____Tests.m in Sources */ = {isa = PBXBuildFile; fileRef = 255A19D11E269B8B00D65A05 /* ____Tests.m */; };
		255A19DD1E269B8B00D65A05 /* ____UITests.m in Sources */ = {isa = PBXBuildFile; fileRef = 255A19DC1E269B8B00D65A05 /* ____UITests.m */; };
		255A1A2A1E26A6FE00D65A05 /* WKDiscoveryTableViewController.m in Sources */ = {isa = PBXBuildFile; fileRef = 255A1A061E26A6FE00D65A05 /* WKDiscoveryTableViewController.m */; };
		255A1A2B1E26A6FE00D65A05 /* WKHomeTableViewController.m in Sources */ = {isa = PBXBuildFile; fileRef = 255A1A0C1E26A6FE00D65A05 /* WKHomeTableViewController.m */; };
		255A1A2C1E26A6FE00D65A05 /* UIBarButtonItem+Extension.m in Sources */ = {isa = PBXBuildFile; fileRef = 255A1A121E26A6FE00D65A05 /* UIBarButtonItem+Extension.m */; };
		255A1A2D1E26A6FE00D65A05 /* UIView+Frame.m in Sources */ = {isa = PBXBuildFile; fileRef = 255A1A141E26A6FE00D65A05 /* UIView+Frame.m */; };
		255A1A2E1E26A6FE00D65A05 /* AppDelegate.m in Sources */ = {isa = PBXBuildFile; fileRef = 255A1A171E26A6FE00D65A05 /* AppDelegate.m */; };
		255A1A2F1E26A6FE00D65A05 /* WKNavigationController.m in Sources */ = {isa = PBXBuildFile; fileRef = 255A1A191E26A6FE00D65A05 /* WKNavigationController.m */; };
		255A1A301E26A6FE00D65A05 /* WKTabBarController.m in Sources */ = {isa = PBXBuildFile; fileRef = 255A1A1B1E26A6FE00D65A05 /* WKTabBarController.m */; };
		255A1A311E26A6FE00D65A05 /* WKMeTableViewController.m in Sources */ = {isa = PBXBuildFile; fileRef = 255A1A211E26A6FE00D65A05 /* WKMeTableViewController.m */; };
		255A1A321E26A6FE00D65A05 /* WKMessageTableViewController.m in Sources */ = {isa = PBXBuildFile; fileRef = 255A1A271E26A6FE00D65A05 /* WKMessageTableViewController.m */; };
		2563B3211E27B39500CFD370 /* WKTitleBtn.m in Sources */ = {isa = PBXBuildFile; fileRef = 2563B3201E27B39500CFD370 /* WKTitleBtn.m */; };
		25C3C9411E27BA040033BA35 /* WKPopMenu.m in Sources */ = {isa = PBXBuildFile; fileRef = 25C3C9401E27BA040033BA35 /* WKPopMenu.m */; };
		25DD0DF81E2B325400DAE4A6 /* WKOauthViewController.m in Sources */ = {isa = PBXBuildFile; fileRef = 25DD0DF71E2B325400DAE4A6 /* WKOauthViewController.m */; };
		25DD0DFB1E2B3F2900DAE4A6 /* WKHTTPSessionManager.m in Sources */ = {isa = PBXBuildFile; fileRef = 25DD0DFA1E2B3F2900DAE4A6 /* WKHTTPSessionManager.m */; };
		25DD0DFE1E2B420500DAE4A6 /* WKAccount.m in Sources */ = {isa = PBXBuildFile; fileRef = 25DD0DFD1E2B420500DAE4A6 /* WKAccount.m */; };
		25DD0E021E2B48BF00DAE4A6 /* WKAccountTool.m in Sources */ = {isa = PBXBuildFile; fileRef = 25DD0E011E2B48BF00DAE4A6 /* WKAccountTool.m */; };
		25DD0E051E2B4B3C00DAE4A6 /* WKAccountControllerTool.m in Sources */ = {isa = PBXBuildFile; fileRef = 25DD0E041E2B4B3C00DAE4A6 /* WKAccountControllerTool.m */; };
		25DD0E071E2B549200DAE4A6 /* Foundation+Log.m in Sources */ = {isa = PBXBuildFile; fileRef = 25DD0E061E2B549200DAE4A6 /* Foundation+Log.m */; };
		25DD0E0A1E2B54E100DAE4A6 /* WKStatus.m in Sources */ = {isa = PBXBuildFile; fileRef = 25DD0E091E2B54E100DAE4A6 /* WKStatus.m */; };
		25DD0E0D1E2B54EC00DAE4A6 /* WKUser.m in Sources */ = {isa = PBXBuildFile; fileRef = 25DD0E0C1E2B54EC00DAE4A6 /* WKUser.m */; };
		B6C23DE5115B52F6642044F1 /* libPods-王昆微博.a in Frameworks */ = {isa = PBXBuildFile; fileRef = F97E40AE44262C7A7E81F2BE /* libPods-王昆微博.a */; };
/* End PBXBuildFile section */

/* Begin PBXContainerItemProxy section */
		255A19CE1E269B8B00D65A05 /* PBXContainerItemProxy */ = {
			isa = PBXContainerItemProxy;
			containerPortal = 255A19AC1E269B8B00D65A05 /* Project object */;
			proxyType = 1;
			remoteGlobalIDString = 255A19B31E269B8B00D65A05;
			remoteInfo = "王昆微博";
		};
		255A19D91E269B8B00D65A05 /* PBXContainerItemProxy */ = {
			isa = PBXContainerItemProxy;
			containerPortal = 255A19AC1E269B8B00D65A05 /* Project object */;
			proxyType = 1;
			remoteGlobalIDString = 255A19B31E269B8B00D65A05;
			remoteInfo = "王昆微博";
		};
/* End PBXContainerItemProxy section */

/* Begin PBXFileReference section */
		2504B5B01E27AEC500D6C161 /* WKSearchBar.h */ = {isa = PBXFileReference; fileEncoding = 4; lastKnownFileType = sourcecode.c.h; path = WKSearchBar.h; sourceTree = "<group>"; };
		2504B5B11E27AEC500D6C161 /* WKSearchBar.m */ = {isa = PBXFileReference; fileEncoding = 4; lastKnownFileType = sourcecode.c.objc; path = WKSearchBar.m; sourceTree = "<group>"; };
		2504B5B31E27AED200D6C161 /* UIImage+Extension.h */ = {isa = PBXFileReference; fileEncoding = 4; lastKnownFileType = sourcecode.c.h; path = "UIImage+Extension.h"; sourceTree = "<group>"; };
		2504B5B41E27AED200D6C161 /* UIImage+Extension.m */ = {isa = PBXFileReference; fileEncoding = 4; lastKnownFileType = sourcecode.c.objc; path = "UIImage+Extension.m"; sourceTree = "<group>"; };
		252507111E287741008F607A /* WKTabBar.h */ = {isa = PBXFileReference; fileEncoding = 4; lastKnownFileType = sourcecode.c.h; path = WKTabBar.h; sourceTree = "<group>"; };
		252507121E287741008F607A /* WKTabBar.m */ = {isa = PBXFileReference; fileEncoding = 4; lastKnownFileType = sourcecode.c.objc; path = WKTabBar.m; sourceTree = "<group>"; };
		252507181E289A76008F607A /* WKPublishViewController.h */ = {isa = PBXFileReference; fileEncoding = 4; lastKnownFileType = sourcecode.c.h; path = WKPublishViewController.h; sourceTree = "<group>"; };
		252507191E289A76008F607A /* WKPublishViewController.m */ = {isa = PBXFileReference; fileEncoding = 4; lastKnownFileType = sourcecode.c.objc; path = WKPublishViewController.m; sourceTree = "<group>"; };
		2525071B1E28D7F5008F607A /* WKNewFeatureViewController.h */ = {isa = PBXFileReference; fileEncoding = 4; lastKnownFileType = sourcecode.c.h; path = WKNewFeatureViewController.h; sourceTree = "<group>"; };
		2525071C1E28D7F5008F607A /* WKNewFeatureViewController.m */ = {isa = PBXFileReference; fileEncoding = 4; lastKnownFileType = sourcecode.c.objc; path = WKNewFeatureViewController.m; sourceTree = "<group>"; };
		255A19B41E269B8B00D65A05 /* 王昆微博.app */ = {isa = PBXFileReference; explicitFileType = wrapper.application; includeInIndex = 0; path = "王昆微博.app"; sourceTree = BUILT_PRODUCTS_DIR; };
		255A19B81E269B8B00D65A05 /* main.m */ = {isa = PBXFileReference; lastKnownFileType = sourcecode.c.objc; path = main.m; sourceTree = "<group>"; };
		255A19C31E269B8B00D65A05 /* Assets.xcassets */ = {isa = PBXFileReference; lastKnownFileType = folder.assetcatalog; path = Assets.xcassets; sourceTree = "<group>"; };
		255A19C61E269B8B00D65A05 /* Base */ = {isa = PBXFileReference; lastKnownFileType = file.storyboard; name = Base; path = Base.lproj/LaunchScreen.storyboard; sourceTree = "<group>"; };
		255A19C81E269B8B00D65A05 /* Info.plist */ = {isa = PBXFileReference; lastKnownFileType = text.plist.xml; path = Info.plist; sourceTree = "<group>"; };
		255A19CD1E269B8B00D65A05 /* 王昆微博Tests.xctest */ = {isa = PBXFileReference; explicitFileType = wrapper.cfbundle; includeInIndex = 0; path = "王昆微博Tests.xctest"; sourceTree = BUILT_PRODUCTS_DIR; };
		255A19D11E269B8B00D65A05 /* ____Tests.m */ = {isa = PBXFileReference; lastKnownFileType = sourcecode.c.objc; path = "____Tests.m"; sourceTree = "<group>"; };
		255A19D31E269B8B00D65A05 /* Info.plist */ = {isa = PBXFileReference; lastKnownFileType = text.plist.xml; path = Info.plist; sourceTree = "<group>"; };
		255A19D81E269B8B00D65A05 /* 王昆微博UITests.xctest */ = {isa = PBXFileReference; explicitFileType = wrapper.cfbundle; includeInIndex = 0; path = "王昆微博UITests.xctest"; sourceTree = BUILT_PRODUCTS_DIR; };
		255A19DC1E269B8B00D65A05 /* ____UITests.m */ = {isa = PBXFileReference; lastKnownFileType = sourcecode.c.objc; path = "____UITests.m"; sourceTree = "<group>"; };
		255A19DE1E269B8B00D65A05 /* Info.plist */ = {isa = PBXFileReference; lastKnownFileType = text.plist.xml; path = Info.plist; sourceTree = "<group>"; };
		255A1A051E26A6FE00D65A05 /* WKDiscoveryTableViewController.h */ = {isa = PBXFileReference; fileEncoding = 4; lastKnownFileType = sourcecode.c.h; path = WKDiscoveryTableViewController.h; sourceTree = "<group>"; };
		255A1A061E26A6FE00D65A05 /* WKDiscoveryTableViewController.m */ = {isa = PBXFileReference; fileEncoding = 4; lastKnownFileType = sourcecode.c.objc; path = WKDiscoveryTableViewController.m; sourceTree = "<group>"; };
		255A1A0B1E26A6FE00D65A05 /* WKHomeTableViewController.h */ = {isa = PBXFileReference; fileEncoding = 4; lastKnownFileType = sourcecode.c.h; path = WKHomeTableViewController.h; sourceTree = "<group>"; };
		255A1A0C1E26A6FE00D65A05 /* WKHomeTableViewController.m */ = {isa = PBXFileReference; fileEncoding = 4; lastKnownFileType = sourcecode.c.objc; path = WKHomeTableViewController.m; sourceTree = "<group>"; };
		255A1A111E26A6FE00D65A05 /* UIBarButtonItem+Extension.h */ = {isa = PBXFileReference; fileEncoding = 4; lastKnownFileType = sourcecode.c.h; path = "UIBarButtonItem+Extension.h"; sourceTree = "<group>"; };
		255A1A121E26A6FE00D65A05 /* UIBarButtonItem+Extension.m */ = {isa = PBXFileReference; fileEncoding = 4; lastKnownFileType = sourcecode.c.objc; path = "UIBarButtonItem+Extension.m"; sourceTree = "<group>"; };
		255A1A131E26A6FE00D65A05 /* UIView+Frame.h */ = {isa = PBXFileReference; fileEncoding = 4; lastKnownFileType = sourcecode.c.h; path = "UIView+Frame.h"; sourceTree = "<group>"; };
		255A1A141E26A6FE00D65A05 /* UIView+Frame.m */ = {isa = PBXFileReference; fileEncoding = 4; lastKnownFileType = sourcecode.c.objc; path = "UIView+Frame.m"; sourceTree = "<group>"; };
		255A1A161E26A6FE00D65A05 /* AppDelegate.h */ = {isa = PBXFileReference; fileEncoding = 4; lastKnownFileType = sourcecode.c.h; path = AppDelegate.h; sourceTree = "<group>"; };
		255A1A171E26A6FE00D65A05 /* AppDelegate.m */ = {isa = PBXFileReference; fileEncoding = 4; lastKnownFileType = sourcecode.c.objc; path = AppDelegate.m; sourceTree = "<group>"; };
		255A1A181E26A6FE00D65A05 /* WKNavigationController.h */ = {isa = PBXFileReference; fileEncoding = 4; lastKnownFileType = sourcecode.c.h; path = WKNavigationController.h; sourceTree = "<group>"; };
		255A1A191E26A6FE00D65A05 /* WKNavigationController.m */ = {isa = PBXFileReference; fileEncoding = 4; lastKnownFileType = sourcecode.c.objc; path = WKNavigationController.m; sourceTree = "<group>"; };
		255A1A1A1E26A6FE00D65A05 /* WKTabBarController.h */ = {isa = PBXFileReference; fileEncoding = 4; lastKnownFileType = sourcecode.c.h; path = WKTabBarController.h; sourceTree = "<group>"; };
		255A1A1B1E26A6FE00D65A05 /* WKTabBarController.m */ = {isa = PBXFileReference; fileEncoding = 4; lastKnownFileType = sourcecode.c.objc; path = WKTabBarController.m; sourceTree = "<group>"; };
		255A1A201E26A6FE00D65A05 /* WKMeTableViewController.h */ = {isa = PBXFileReference; fileEncoding = 4; lastKnownFileType = sourcecode.c.h; path = WKMeTableViewController.h; sourceTree = "<group>"; };
		255A1A211E26A6FE00D65A05 /* WKMeTableViewController.m */ = {isa = PBXFileReference; fileEncoding = 4; lastKnownFileType = sourcecode.c.objc; path = WKMeTableViewController.m; sourceTree = "<group>"; };
		255A1A261E26A6FE00D65A05 /* WKMessageTableViewController.h */ = {isa = PBXFileReference; fileEncoding = 4; lastKnownFileType = sourcecode.c.h; path = WKMessageTableViewController.h; sourceTree = "<group>"; };
		255A1A271E26A6FE00D65A05 /* WKMessageTableViewController.m */ = {isa = PBXFileReference; fileEncoding = 4; lastKnownFileType = sourcecode.c.objc; path = WKMessageTableViewController.m; sourceTree = "<group>"; };
		255A1A331E26A72E00D65A05 /* PrefixHeader.pch */ = {isa = PBXFileReference; lastKnownFileType = sourcecode.c.h; path = PrefixHeader.pch; sourceTree = "<group>"; };
		2563B31F1E27B39500CFD370 /* WKTitleBtn.h */ = {isa = PBXFileReference; fileEncoding = 4; lastKnownFileType = sourcecode.c.h; path = WKTitleBtn.h; sourceTree = "<group>"; };
		2563B3201E27B39500CFD370 /* WKTitleBtn.m */ = {isa = PBXFileReference; fileEncoding = 4; lastKnownFileType = sourcecode.c.objc; path = WKTitleBtn.m; sourceTree = "<group>"; };
		25C3C93F1E27BA040033BA35 /* WKPopMenu.h */ = {isa = PBXFileReference; fileEncoding = 4; lastKnownFileType = sourcecode.c.h; path = WKPopMenu.h; sourceTree = "<group>"; };
		25C3C9401E27BA040033BA35 /* WKPopMenu.m */ = {isa = PBXFileReference; fileEncoding = 4; lastKnownFileType = sourcecode.c.objc; path = WKPopMenu.m; sourceTree = "<group>"; };
		25DD0DF61E2B325400DAE4A6 /* WKOauthViewController.h */ = {isa = PBXFileReference; fileEncoding = 4; lastKnownFileType = sourcecode.c.h; path = WKOauthViewController.h; sourceTree = "<group>"; };
		25DD0DF71E2B325400DAE4A6 /* WKOauthViewController.m */ = {isa = PBXFileReference; fileEncoding = 4; lastKnownFileType = sourcecode.c.objc; path = WKOauthViewController.m; sourceTree = "<group>"; };
		25DD0DF91E2B3F2900DAE4A6 /* WKHTTPSessionManager.h */ = {isa = PBXFileReference; fileEncoding = 4; lastKnownFileType = sourcecode.c.h; path = WKHTTPSessionManager.h; sourceTree = "<group>"; };
		25DD0DFA1E2B3F2900DAE4A6 /* WKHTTPSessionManager.m */ = {isa = PBXFileReference; fileEncoding = 4; lastKnownFileType = sourcecode.c.objc; path = WKHTTPSessionManager.m; sourceTree = "<group>"; };
		25DD0DFC1E2B420500DAE4A6 /* WKAccount.h */ = {isa = PBXFileReference; fileEncoding = 4; lastKnownFileType = sourcecode.c.h; path = WKAccount.h; sourceTree = "<group>"; };
		25DD0DFD1E2B420500DAE4A6 /* WKAccount.m */ = {isa = PBXFileReference; fileEncoding = 4; lastKnownFileType = sourcecode.c.objc; path = WKAccount.m; sourceTree = "<group>"; };
		25DD0E001E2B48BF00DAE4A6 /* WKAccountTool.h */ = {isa = PBXFileReference; fileEncoding = 4; lastKnownFileType = sourcecode.c.h; path = WKAccountTool.h; sourceTree = "<group>"; };
		25DD0E011E2B48BF00DAE4A6 /* WKAccountTool.m */ = {isa = PBXFileReference; fileEncoding = 4; lastKnownFileType = sourcecode.c.objc; path = WKAccountTool.m; sourceTree = "<group>"; };
		25DD0E031E2B4B3C00DAE4A6 /* WKAccountControllerTool.h */ = {isa = PBXFileReference; fileEncoding = 4; lastKnownFileType = sourcecode.c.h; path = WKAccountControllerTool.h; sourceTree = "<group>"; };
		25DD0E041E2B4B3C00DAE4A6 /* WKAccountControllerTool.m */ = {isa = PBXFileReference; fileEncoding = 4; lastKnownFileType = sourcecode.c.objc; path = WKAccountControllerTool.m; sourceTree = "<group>"; };
		25DD0E061E2B549200DAE4A6 /* Foundation+Log.m */ = {isa = PBXFileReference; fileEncoding = 4; lastKnownFileType = sourcecode.c.objc; path = "Foundation+Log.m"; sourceTree = "<group>"; };
		25DD0E081E2B54E100DAE4A6 /* WKStatus.h */ = {isa = PBXFileReference; fileEncoding = 4; lastKnownFileType = sourcecode.c.h; path = WKStatus.h; sourceTree = "<group>"; };
		25DD0E091E2B54E100DAE4A6 /* WKStatus.m */ = {isa = PBXFileReference; fileEncoding = 4; lastKnownFileType = sourcecode.c.objc; path = WKStatus.m; sourceTree = "<group>"; };
		25DD0E0B1E2B54EC00DAE4A6 /* WKUser.h */ = {isa = PBXFileReference; fileEncoding = 4; lastKnownFileType = sourcecode.c.h; path = WKUser.h; sourceTree = "<group>"; };
		25DD0E0C1E2B54EC00DAE4A6 /* WKUser.m */ = {isa = PBXFileReference; fileEncoding = 4; lastKnownFileType = sourcecode.c.objc; path = WKUser.m; sourceTree = "<group>"; };
		7E534327B0BA664B9337AE19 /* Pods-王昆微博.release.xcconfig */ = {isa = PBXFileReference; includeInIndex = 1; lastKnownFileType = text.xcconfig; name = "Pods-王昆微博.release.xcconfig"; path = "Pods/Target Support Files/Pods-王昆微博/Pods-王昆微博.release.xcconfig"; sourceTree = "<group>"; };
		E5AA33D6C385761796435D04 /* Pods-王昆微博.debug.xcconfig */ = {isa = PBXFileReference; includeInIndex = 1; lastKnownFileType = text.xcconfig; name = "Pods-王昆微博.debug.xcconfig"; path = "Pods/Target Support Files/Pods-王昆微博/Pods-王昆微博.debug.xcconfig"; sourceTree = "<group>"; };
		F97E40AE44262C7A7E81F2BE /* libPods-王昆微博.a */ = {isa = PBXFileReference; explicitFileType = archive.ar; includeInIndex = 0; path = "libPods-王昆微博.a"; sourceTree = BUILT_PRODUCTS_DIR; };
/* End PBXFileReference section */

/* Begin PBXFrameworksBuildPhase section */
		255A19B11E269B8B00D65A05 /* Frameworks */ = {
			isa = PBXFrameworksBuildPhase;
			buildActionMask = 2147483647;
			files = (
				B6C23DE5115B52F6642044F1 /* libPods-王昆微博.a in Frameworks */,
			);
			runOnlyForDeploymentPostprocessing = 0;
		};
		255A19CA1E269B8B00D65A05 /* Frameworks */ = {
			isa = PBXFrameworksBuildPhase;
			buildActionMask = 2147483647;
			files = (
			);
			runOnlyForDeploymentPostprocessing = 0;
		};
		255A19D51E269B8B00D65A05 /* Frameworks */ = {
			isa = PBXFrameworksBuildPhase;
			buildActionMask = 2147483647;
			files = (
			);
			runOnlyForDeploymentPostprocessing = 0;
		};
/* End PBXFrameworksBuildPhase section */

/* Begin PBXGroup section */
		252507141E289A64008F607A /* Publish */ = {
			isa = PBXGroup;
			children = (
				252507151E289A64008F607A /* Controller */,
				252507161E289A64008F607A /* Model */,
				252507171E289A64008F607A /* View */,
			);
			path = Publish;
			sourceTree = "<group>";
		};
		252507151E289A64008F607A /* Controller */ = {
			isa = PBXGroup;
			children = (
				252507181E289A76008F607A /* WKPublishViewController.h */,
				252507191E289A76008F607A /* WKPublishViewController.m */,
			);
			path = Controller;
			sourceTree = "<group>";
		};
		252507161E289A64008F607A /* Model */ = {
			isa = PBXGroup;
			children = (
			);
			path = Model;
			sourceTree = "<group>";
		};
		252507171E289A64008F607A /* View */ = {
			isa = PBXGroup;
			children = (
			);
			path = View;
			sourceTree = "<group>";
		};
		255A19AB1E269B8B00D65A05 = {
			isa = PBXGroup;
			children = (
				255A19B61E269B8B00D65A05 /* 王昆微博 */,
				255A19D01E269B8B00D65A05 /* 王昆微博Tests */,
				255A19DB1E269B8B00D65A05 /* 王昆微博UITests */,
				255A19B51E269B8B00D65A05 /* Products */,
				4C40D0D86DF76FEE058B5739 /* Pods */,
				7A6BF18C3A584D3588900AE3 /* Frameworks */,
			);
			sourceTree = "<group>";
		};
		255A19B51E269B8B00D65A05 /* Products */ = {
			isa = PBXGroup;
			children = (
				255A19B41E269B8B00D65A05 /* 王昆微博.app */,
				255A19CD1E269B8B00D65A05 /* 王昆微博Tests.xctest */,
				255A19D81E269B8B00D65A05 /* 王昆微博UITests.xctest */,
			);
			name = Products;
			sourceTree = "<group>";
		};
		255A19B61E269B8B00D65A05 /* 王昆微博 */ = {
			isa = PBXGroup;
			children = (
				255A1A021E26A6FE00D65A05 /* Classes */,
				255A19B71E269B8B00D65A05 /* Supporting Files */,
			);
			path = "王昆微博";
			sourceTree = "<group>";
		};
		255A19B71E269B8B00D65A05 /* Supporting Files */ = {
			isa = PBXGroup;
			children = (
				255A19C31E269B8B00D65A05 /* Assets.xcassets */,
				255A19C51E269B8B00D65A05 /* LaunchScreen.storyboard */,
				255A19C81E269B8B00D65A05 /* Info.plist */,
				255A19B81E269B8B00D65A05 /* main.m */,
			);
			name = "Supporting Files";
			sourceTree = "<group>";
		};
		255A19D01E269B8B00D65A05 /* 王昆微博Tests */ = {
			isa = PBXGroup;
			children = (
				255A19D11E269B8B00D65A05 /* ____Tests.m */,
				255A19D31E269B8B00D65A05 /* Info.plist */,
			);
			path = "王昆微博Tests";
			sourceTree = "<group>";
		};
		255A19DB1E269B8B00D65A05 /* 王昆微博UITests */ = {
			isa = PBXGroup;
			children = (
				255A19DC1E269B8B00D65A05 /* ____UITests.m */,
				255A19DE1E269B8B00D65A05 /* Info.plist */,
			);
			path = "王昆微博UITests";
			sourceTree = "<group>";
		};
		255A1A021E26A6FE00D65A05 /* Classes */ = {
			isa = PBXGroup;
			children = (
				25DD0DF21E2B324400DAE4A6 /* Oauth */,
				255A1A0F1E26A6FE00D65A05 /* Main */,
				252507141E289A64008F607A /* Publish */,
				255A1A091E26A6FE00D65A05 /* Home */,
				255A1A241E26A6FE00D65A05 /* Message */,
				255A1A031E26A6FE00D65A05 /* Discorvey */,
				255A1A1E1E26A6FE00D65A05 /* Me */,
			);
			path = Classes;
			sourceTree = "<group>";
		};
		255A1A031E26A6FE00D65A05 /* Discorvey */ = {
			isa = PBXGroup;
			children = (
				255A1A041E26A6FE00D65A05 /* Controller */,
				255A1A071E26A6FE00D65A05 /* Model */,
				255A1A081E26A6FE00D65A05 /* View */,
			);
			path = Discorvey;
			sourceTree = "<group>";
		};
		255A1A041E26A6FE00D65A05 /* Controller */ = {
			isa = PBXGroup;
			children = (
				255A1A051E26A6FE00D65A05 /* WKDiscoveryTableViewController.h */,
				255A1A061E26A6FE00D65A05 /* WKDiscoveryTableViewController.m */,
			);
			path = Controller;
			sourceTree = "<group>";
		};
		255A1A071E26A6FE00D65A05 /* Model */ = {
			isa = PBXGroup;
			children = (
			);
			path = Model;
			sourceTree = "<group>";
		};
		255A1A081E26A6FE00D65A05 /* View */ = {
			isa = PBXGroup;
			children = (
				2504B5B01E27AEC500D6C161 /* WKSearchBar.h */,
				2504B5B11E27AEC500D6C161 /* WKSearchBar.m */,
			);
			path = View;
			sourceTree = "<group>";
		};
		255A1A091E26A6FE00D65A05 /* Home */ = {
			isa = PBXGroup;
			children = (
				255A1A0A1E26A6FE00D65A05 /* Controller */,
				255A1A0D1E26A6FE00D65A05 /* Model */,
				255A1A0E1E26A6FE00D65A05 /* View */,
			);
			path = Home;
			sourceTree = "<group>";
		};
		255A1A0A1E26A6FE00D65A05 /* Controller */ = {
			isa = PBXGroup;
			children = (
				255A1A0B1E26A6FE00D65A05 /* WKHomeTableViewController.h */,
				255A1A0C1E26A6FE00D65A05 /* WKHomeTableViewController.m */,
			);
			path = Controller;
			sourceTree = "<group>";
		};
		255A1A0D1E26A6FE00D65A05 /* Model */ = {
			isa = PBXGroup;
			children = (
				25DD0E081E2B54E100DAE4A6 /* WKStatus.h */,
				25DD0E091E2B54E100DAE4A6 /* WKStatus.m */,
				25DD0E0B1E2B54EC00DAE4A6 /* WKUser.h */,
				25DD0E0C1E2B54EC00DAE4A6 /* WKUser.m */,
			);
			path = Model;
			sourceTree = "<group>";
		};
		255A1A0E1E26A6FE00D65A05 /* View */ = {
			isa = PBXGroup;
			children = (
				2563B31F1E27B39500CFD370 /* WKTitleBtn.h */,
				2563B3201E27B39500CFD370 /* WKTitleBtn.m */,
				25C3C93F1E27BA040033BA35 /* WKPopMenu.h */,
				25C3C9401E27BA040033BA35 /* WKPopMenu.m */,
			);
			path = View;
			sourceTree = "<group>";
		};
		255A1A0F1E26A6FE00D65A05 /* Main */ = {
			isa = PBXGroup;
			children = (
				255A1A101E26A6FE00D65A05 /* Category */,
				255A1A151E26A6FE00D65A05 /* Controller */,
				255A1A1C1E26A6FE00D65A05 /* Model */,
				255A1A1D1E26A6FE00D65A05 /* View */,
			);
			path = Main;
			sourceTree = "<group>";
		};
		255A1A101E26A6FE00D65A05 /* Category */ = {
			isa = PBXGroup;
			children = (
				25DD0E061E2B549200DAE4A6 /* Foundation+Log.m */,
				255A1A111E26A6FE00D65A05 /* UIBarButtonItem+Extension.h */,
				255A1A121E26A6FE00D65A05 /* UIBarButtonItem+Extension.m */,
				255A1A131E26A6FE00D65A05 /* UIView+Frame.h */,
				255A1A141E26A6FE00D65A05 /* UIView+Frame.m */,
				2504B5B31E27AED200D6C161 /* UIImage+Extension.h */,
				2504B5B41E27AED200D6C161 /* UIImage+Extension.m */,
				25DD0DF91E2B3F2900DAE4A6 /* WKHTTPSessionManager.h */,
				25DD0DFA1E2B3F2900DAE4A6 /* WKHTTPSessionManager.m */,
			);
			path = Category;
			sourceTree = "<group>";
		};
		255A1A151E26A6FE00D65A05 /* Controller */ = {
			isa = PBXGroup;
			children = (
				255A1A161E26A6FE00D65A05 /* AppDelegate.h */,
				255A1A171E26A6FE00D65A05 /* AppDelegate.m */,
				2525071B1E28D7F5008F607A /* WKNewFeatureViewController.h */,
				2525071C1E28D7F5008F607A /* WKNewFeatureViewController.m */,
				255A1A181E26A6FE00D65A05 /* WKNavigationController.h */,
				255A1A191E26A6FE00D65A05 /* WKNavigationController.m */,
				255A1A1A1E26A6FE00D65A05 /* WKTabBarController.h */,
				255A1A1B1E26A6FE00D65A05 /* WKTabBarController.m */,
				255A1A331E26A72E00D65A05 /* PrefixHeader.pch */,
			);
			path = Controller;
			sourceTree = "<group>";
		};
		255A1A1C1E26A6FE00D65A05 /* Model */ = {
			isa = PBXGroup;
			children = (
			);
			path = Model;
			sourceTree = "<group>";
		};
		255A1A1D1E26A6FE00D65A05 /* View */ = {
			isa = PBXGroup;
			children = (
				252507111E287741008F607A /* WKTabBar.h */,
				252507121E287741008F607A /* WKTabBar.m */,
			);
			path = View;
			sourceTree = "<group>";
		};
		255A1A1E1E26A6FE00D65A05 /* Me */ = {
			isa = PBXGroup;
			children = (
				255A1A1F1E26A6FE00D65A05 /* Controller */,
				255A1A221E26A6FE00D65A05 /* Model */,
				255A1A231E26A6FE00D65A05 /* View */,
			);
			path = Me;
			sourceTree = "<group>";
		};
		255A1A1F1E26A6FE00D65A05 /* Controller */ = {
			isa = PBXGroup;
			children = (
				255A1A201E26A6FE00D65A05 /* WKMeTableViewController.h */,
				255A1A211E26A6FE00D65A05 /* WKMeTableViewController.m */,
			);
			path = Controller;
			sourceTree = "<group>";
		};
		255A1A221E26A6FE00D65A05 /* Model */ = {
			isa = PBXGroup;
			children = (
			);
			path = Model;
			sourceTree = "<group>";
		};
		255A1A231E26A6FE00D65A05 /* View */ = {
			isa = PBXGroup;
			children = (
			);
			path = View;
			sourceTree = "<group>";
		};
		255A1A241E26A6FE00D65A05 /* Message */ = {
			isa = PBXGroup;
			children = (
				255A1A251E26A6FE00D65A05 /* Controller */,
				255A1A281E26A6FE00D65A05 /* Model */,
				255A1A291E26A6FE00D65A05 /* View */,
			);
			path = Message;
			sourceTree = "<group>";
		};
		255A1A251E26A6FE00D65A05 /* Controller */ = {
			isa = PBXGroup;
			children = (
				255A1A261E26A6FE00D65A05 /* WKMessageTableViewController.h */,
				255A1A271E26A6FE00D65A05 /* WKMessageTableViewController.m */,
			);
			path = Controller;
			sourceTree = "<group>";
		};
		255A1A281E26A6FE00D65A05 /* Model */ = {
			isa = PBXGroup;
			children = (
			);
			path = Model;
			sourceTree = "<group>";
		};
		255A1A291E26A6FE00D65A05 /* View */ = {
			isa = PBXGroup;
			children = (
			);
			path = View;
			sourceTree = "<group>";
		};
		25DD0DF21E2B324400DAE4A6 /* Oauth */ = {
			isa = PBXGroup;
			children = (
				25DD0DFF1E2B48AA00DAE4A6 /* Tool */,
				25DD0DF31E2B324400DAE4A6 /* Controller */,
				25DD0DF41E2B324400DAE4A6 /* Model */,
				25DD0DF51E2B324400DAE4A6 /* View */,
			);
			path = Oauth;
			sourceTree = "<group>";
		};
		25DD0DF31E2B324400DAE4A6 /* Controller */ = {
			isa = PBXGroup;
			children = (
				25DD0DF61E2B325400DAE4A6 /* WKOauthViewController.h */,
				25DD0DF71E2B325400DAE4A6 /* WKOauthViewController.m */,
			);
			path = Controller;
			sourceTree = "<group>";
		};
		25DD0DF41E2B324400DAE4A6 /* Model */ = {
			isa = PBXGroup;
			children = (
				25DD0DFC1E2B420500DAE4A6 /* WKAccount.h */,
				25DD0DFD1E2B420500DAE4A6 /* WKAccount.m */,
			);
			path = Model;
			sourceTree = "<group>";
		};
		25DD0DF51E2B324400DAE4A6 /* View */ = {
			isa = PBXGroup;
			children = (
			);
			path = View;
			sourceTree = "<group>";
		};
		25DD0DFF1E2B48AA00DAE4A6 /* Tool */ = {
			isa = PBXGroup;
			children = (
				25DD0E001E2B48BF00DAE4A6 /* WKAccountTool.h */,
				25DD0E011E2B48BF00DAE4A6 /* WKAccountTool.m */,
				25DD0E031E2B4B3C00DAE4A6 /* WKAccountControllerTool.h */,
				25DD0E041E2B4B3C00DAE4A6 /* WKAccountControllerTool.m */,
			);
			path = Tool;
			sourceTree = "<group>";
		};
		4C40D0D86DF76FEE058B5739 /* Pods */ = {
			isa = PBXGroup;
			children = (
				E5AA33D6C385761796435D04 /* Pods-王昆微博.debug.xcconfig */,
				7E534327B0BA664B9337AE19 /* Pods-王昆微博.release.xcconfig */,
			);
			name = Pods;
			sourceTree = "<group>";
		};
		7A6BF18C3A584D3588900AE3 /* Frameworks */ = {
			isa = PBXGroup;
			children = (
				F97E40AE44262C7A7E81F2BE /* libPods-王昆微博.a */,
			);
			name = Frameworks;
			sourceTree = "<group>";
		};
/* End PBXGroup section */

/* Begin PBXNativeTarget section */
		255A19B31E269B8B00D65A05 /* 王昆微博 */ = {
			isa = PBXNativeTarget;
			buildConfigurationList = 255A19E11E269B8B00D65A05 /* Build configuration list for PBXNativeTarget "王昆微博" */;
			buildPhases = (
				51AD9FCC44498E1015DE9FE4 /* [CP] Check Pods Manifest.lock */,
				255A19B01E269B8B00D65A05 /* Sources */,
				255A19B11E269B8B00D65A05 /* Frameworks */,
				255A19B21E269B8B00D65A05 /* Resources */,
				CD9E1E26442AB1A71684486C /* [CP] Embed Pods Frameworks */,
				6D94BC213631EC059408B47B /* [CP] Copy Pods Resources */,
			);
			buildRules = (
			);
			dependencies = (
			);
			name = "王昆微博";
			productName = "王昆微博";
			productReference = 255A19B41E269B8B00D65A05 /* 王昆微博.app */;
			productType = "com.apple.product-type.application";
		};
		255A19CC1E269B8B00D65A05 /* 王昆微博Tests */ = {
			isa = PBXNativeTarget;
			buildConfigurationList = 255A19E41E269B8B00D65A05 /* Build configuration list for PBXNativeTarget "王昆微博Tests" */;
			buildPhases = (
				255A19C91E269B8B00D65A05 /* Sources */,
				255A19CA1E269B8B00D65A05 /* Frameworks */,
				255A19CB1E269B8B00D65A05 /* Resources */,
			);
			buildRules = (
			);
			dependencies = (
				255A19CF1E269B8B00D65A05 /* PBXTargetDependency */,
			);
			name = "王昆微博Tests";
			productName = "王昆微博Tests";
			productReference = 255A19CD1E269B8B00D65A05 /* 王昆微博Tests.xctest */;
			productType = "com.apple.product-type.bundle.unit-test";
		};
		255A19D71E269B8B00D65A05 /* 王昆微博UITests */ = {
			isa = PBXNativeTarget;
			buildConfigurationList = 255A19E71E269B8B00D65A05 /* Build configuration list for PBXNativeTarget "王昆微博UITests" */;
			buildPhases = (
				255A19D41E269B8B00D65A05 /* Sources */,
				255A19D51E269B8B00D65A05 /* Frameworks */,
				255A19D61E269B8B00D65A05 /* Resources */,
			);
			buildRules = (
			);
			dependencies = (
				255A19DA1E269B8B00D65A05 /* PBXTargetDependency */,
			);
			name = "王昆微博UITests";
			productName = "王昆微博UITests";
			productReference = 255A19D81E269B8B00D65A05 /* 王昆微博UITests.xctest */;
			productType = "com.apple.product-type.bundle.ui-testing";
		};
/* End PBXNativeTarget section */

/* Begin PBXProject section */
		255A19AC1E269B8B00D65A05 /* Project object */ = {
			isa = PBXProject;
			attributes = {
				CLASSPREFIX = WK;
				LastUpgradeCheck = 0820;
				ORGANIZATIONNAME = "阿拉斯加的🐶";
				TargetAttributes = {
					255A19B31E269B8B00D65A05 = {
						CreatedOnToolsVersion = 8.2.1;
						DevelopmentTeam = QJWLHJJG53;
						ProvisioningStyle = Automatic;
					};
					255A19CC1E269B8B00D65A05 = {
						CreatedOnToolsVersion = 8.2.1;
						DevelopmentTeam = 8Y2G5F25VK;
						ProvisioningStyle = Automatic;
						TestTargetID = 255A19B31E269B8B00D65A05;
					};
					255A19D71E269B8B00D65A05 = {
						CreatedOnToolsVersion = 8.2.1;
						DevelopmentTeam = 8Y2G5F25VK;
						ProvisioningStyle = Automatic;
						TestTargetID = 255A19B31E269B8B00D65A05;
					};
				};
			};
			buildConfigurationList = 255A19AF1E269B8B00D65A05 /* Build configuration list for PBXProject "王昆微博" */;
			compatibilityVersion = "Xcode 3.2";
			developmentRegion = English;
			hasScannedForEncodings = 0;
			knownRegions = (
				en,
				Base,
			);
			mainGroup = 255A19AB1E269B8B00D65A05;
			productRefGroup = 255A19B51E269B8B00D65A05 /* Products */;
			projectDirPath = "";
			projectRoot = "";
			targets = (
				255A19B31E269B8B00D65A05 /* 王昆微博 */,
				255A19CC1E269B8B00D65A05 /* 王昆微博Tests */,
				255A19D71E269B8B00D65A05 /* 王昆微博UITests */,
			);
		};
/* End PBXProject section */

/* Begin PBXResourcesBuildPhase section */
		255A19B21E269B8B00D65A05 /* Resources */ = {
			isa = PBXResourcesBuildPhase;
			buildActionMask = 2147483647;
			files = (
				255A19C71E269B8B00D65A05 /* LaunchScreen.storyboard in Resources */,
				255A19C41E269B8B00D65A05 /* Assets.xcassets in Resources */,
			);
			runOnlyForDeploymentPostprocessing = 0;
		};
		255A19CB1E269B8B00D65A05 /* Resources */ = {
			isa = PBXResourcesBuildPhase;
			buildActionMask = 2147483647;
			files = (
			);
			runOnlyForDeploymentPostprocessing = 0;
		};
		255A19D61E269B8B00D65A05 /* Resources */ = {
			isa = PBXResourcesBuildPhase;
			buildActionMask = 2147483647;
			files = (
			);
			runOnlyForDeploymentPostprocessing = 0;
		};
/* End PBXResourcesBuildPhase section */

/* Begin PBXShellScriptBuildPhase section */
		51AD9FCC44498E1015DE9FE4 /* [CP] Check Pods Manifest.lock */ = {
			isa = PBXShellScriptBuildPhase;
			buildActionMask = 2147483647;
			files = (
			);
			inputPaths = (
			);
			name = "[CP] Check Pods Manifest.lock";
			outputPaths = (
			);
			runOnlyForDeploymentPostprocessing = 0;
			shellPath = /bin/sh;
			shellScript = "diff \"${PODS_ROOT}/../Podfile.lock\" \"${PODS_ROOT}/Manifest.lock\" > /dev/null\nif [ $? != 0 ] ; then\n    # print error to STDERR\n    echo \"error: The sandbox is not in sync with the Podfile.lock. Run 'pod install' or update your CocoaPods installation.\" >&2\n    exit 1\nfi\n";
			showEnvVarsInLog = 0;
		};
		6D94BC213631EC059408B47B /* [CP] Copy Pods Resources */ = {
			isa = PBXShellScriptBuildPhase;
			buildActionMask = 2147483647;
			files = (
			);
			inputPaths = (
			);
			name = "[CP] Copy Pods Resources";
			outputPaths = (
			);
			runOnlyForDeploymentPostprocessing = 0;
			shellPath = /bin/sh;
			shellScript = "\"${SRCROOT}/Pods/Target Support Files/Pods-王昆微博/Pods-王昆微博-resources.sh\"\n";
			showEnvVarsInLog = 0;
		};
		CD9E1E26442AB1A71684486C /* [CP] Embed Pods Frameworks */ = {
			isa = PBXShellScriptBuildPhase;
			buildActionMask = 2147483647;
			files = (
			);
			inputPaths = (
			);
			name = "[CP] Embed Pods Frameworks";
			outputPaths = (
			);
			runOnlyForDeploymentPostprocessing = 0;
			shellPath = /bin/sh;
			shellScript = "\"${SRCROOT}/Pods/Target Support Files/Pods-王昆微博/Pods-王昆微博-frameworks.sh\"\n";
			showEnvVarsInLog = 0;
		};
/* End PBXShellScriptBuildPhase section */

/* Begin PBXSourcesBuildPhase section */
		255A19B01E269B8B00D65A05 /* Sources */ = {
			isa = PBXSourcesBuildPhase;
			buildActionMask = 2147483647;
			files = (
				255A1A2C1E26A6FE00D65A05 /* UIBarButtonItem+Extension.m in Sources */,
				2525071D1E28D7F5008F607A /* WKNewFeatureViewController.m in Sources */,
				255A1A301E26A6FE00D65A05 /* WKTabBarController.m in Sources */,
				25DD0E0A1E2B54E100DAE4A6 /* WKStatus.m in Sources */,
				255A1A2F1E26A6FE00D65A05 /* WKNavigationController.m in Sources */,
				2504B5B51E27AED200D6C161 /* UIImage+Extension.m in Sources */,
				25C3C9411E27BA040033BA35 /* WKPopMenu.m in Sources */,
				255A1A2A1E26A6FE00D65A05 /* WKDiscoveryTableViewController.m in Sources */,
				2504B5B21E27AEC500D6C161 /* WKSearchBar.m in Sources */,
				25DD0DFB1E2B3F2900DAE4A6 /* WKHTTPSessionManager.m in Sources */,
				255A1A2E1E26A6FE00D65A05 /* AppDelegate.m in Sources */,
				25DD0E021E2B48BF00DAE4A6 /* WKAccountTool.m in Sources */,
				252507131E287741008F607A /* WKTabBar.m in Sources */,
				255A1A321E26A6FE00D65A05 /* WKMessageTableViewController.m in Sources */,
				25DD0E0D1E2B54EC00DAE4A6 /* WKUser.m in Sources */,
				255A19B91E269B8B00D65A05 /* main.m in Sources */,
				25DD0DFE1E2B420500DAE4A6 /* WKAccount.m in Sources */,
				25DD0DF81E2B325400DAE4A6 /* WKOauthViewController.m in Sources */,
				255A1A2D1E26A6FE00D65A05 /* UIView+Frame.m in Sources */,
				2525071A1E289A76008F607A /* WKPublishViewController.m in Sources */,
				2563B3211E27B39500CFD370 /* WKTitleBtn.m in Sources */,
				255A1A2B1E26A6FE00D65A05 /* WKHomeTableViewController.m in Sources */,
				255A1A311E26A6FE00D65A05 /* WKMeTableViewController.m in Sources */,
				25DD0E071E2B549200DAE4A6 /* Foundation+Log.m in Sources */,
				25DD0E051E2B4B3C00DAE4A6 /* WKAccountControllerTool.m in Sources */,
			);
			runOnlyForDeploymentPostprocessing = 0;
		};
		255A19C91E269B8B00D65A05 /* Sources */ = {
			isa = PBXSourcesBuildPhase;
			buildActionMask = 2147483647;
			files = (
				255A19D21E269B8B00D65A05 /* ____Tests.m in Sources */,
			);
			runOnlyForDeploymentPostprocessing = 0;
		};
		255A19D41E269B8B00D65A05 /* Sources */ = {
			isa = PBXSourcesBuildPhase;
			buildActionMask = 2147483647;
			files = (
				255A19DD1E269B8B00D65A05 /* ____UITests.m in Sources */,
			);
			runOnlyForDeploymentPostprocessing = 0;
		};
/* End PBXSourcesBuildPhase section */

/* Begin PBXTargetDependency section */
		255A19CF1E269B8B00D65A05 /* PBXTargetDependency */ = {
			isa = PBXTargetDependency;
			target = 255A19B31E269B8B00D65A05 /* 王昆微博 */;
			targetProxy = 255A19CE1E269B8B00D65A05 /* PBXContainerItemProxy */;
		};
		255A19DA1E269B8B00D65A05 /* PBXTargetDependency */ = {
			isa = PBXTargetDependency;
			target = 255A19B31E269B8B00D65A05 /* 王昆微博 */;
			targetProxy = 255A19D91E269B8B00D65A05 /* PBXContainerItemProxy */;
		};
/* End PBXTargetDependency section */

/* Begin PBXVariantGroup section */
		255A19C51E269B8B00D65A05 /* LaunchScreen.storyboard */ = {
			isa = PBXVariantGroup;
			children = (
				255A19C61E269B8B00D65A05 /* Base */,
			);
			name = LaunchScreen.storyboard;
			sourceTree = "<group>";
		};
/* End PBXVariantGroup section */

/* Begin XCBuildConfiguration section */
		255A19DF1E269B8B00D65A05 /* Debug */ = {
			isa = XCBuildConfiguration;
			buildSettings = {
				ALWAYS_SEARCH_USER_PATHS = NO;
				CLANG_ANALYZER_NONNULL = YES;
				CLANG_CXX_LANGUAGE_STANDARD = "gnu++0x";
				CLANG_CXX_LIBRARY = "libc++";
				CLANG_ENABLE_MODULES = YES;
				CLANG_ENABLE_OBJC_ARC = YES;
				CLANG_WARN_BOOL_CONVERSION = YES;
				CLANG_WARN_CONSTANT_CONVERSION = YES;
				CLANG_WARN_DIRECT_OBJC_ISA_USAGE = YES_ERROR;
				CLANG_WARN_DOCUMENTATION_COMMENTS = YES;
				CLANG_WARN_EMPTY_BODY = YES;
				CLANG_WARN_ENUM_CONVERSION = YES;
				CLANG_WARN_INFINITE_RECURSION = YES;
				CLANG_WARN_INT_CONVERSION = YES;
				CLANG_WARN_OBJC_ROOT_CLASS = YES_ERROR;
				CLANG_WARN_SUSPICIOUS_MOVE = YES;
				CLANG_WARN_UNREACHABLE_CODE = YES;
				CLANG_WARN__DUPLICATE_METHOD_MATCH = YES;
				"CODE_SIGN_IDENTITY[sdk=iphoneos*]" = "iPhone Developer";
				COPY_PHASE_STRIP = NO;
				DEBUG_INFORMATION_FORMAT = dwarf;
				ENABLE_STRICT_OBJC_MSGSEND = YES;
				ENABLE_TESTABILITY = YES;
				GCC_C_LANGUAGE_STANDARD = gnu99;
				GCC_DYNAMIC_NO_PIC = NO;
				GCC_NO_COMMON_BLOCKS = YES;
				GCC_OPTIMIZATION_LEVEL = 0;
				GCC_PREPROCESSOR_DEFINITIONS = (
					"DEBUG=1",
					"$(inherited)",
				);
				GCC_WARN_64_TO_32_BIT_CONVERSION = YES;
				GCC_WARN_ABOUT_RETURN_TYPE = YES_ERROR;
				GCC_WARN_UNDECLARED_SELECTOR = YES;
				GCC_WARN_UNINITIALIZED_AUTOS = YES_AGGRESSIVE;
				GCC_WARN_UNUSED_FUNCTION = YES;
				GCC_WARN_UNUSED_VARIABLE = YES;
				IPHONEOS_DEPLOYMENT_TARGET = 10.2;
				MTL_ENABLE_DEBUG_INFO = YES;
				ONLY_ACTIVE_ARCH = YES;
				SDKROOT = iphoneos;
			};
			name = Debug;
		};
		255A19E01E269B8B00D65A05 /* Release */ = {
			isa = XCBuildConfiguration;
			buildSettings = {
				ALWAYS_SEARCH_USER_PATHS = NO;
				CLANG_ANALYZER_NONNULL = YES;
				CLANG_CXX_LANGUAGE_STANDARD = "gnu++0x";
				CLANG_CXX_LIBRARY = "libc++";
				CLANG_ENABLE_MODULES = YES;
				CLANG_ENABLE_OBJC_ARC = YES;
				CLANG_WARN_BOOL_CONVERSION = YES;
				CLANG_WARN_CONSTANT_CONVERSION = YES;
				CLANG_WARN_DIRECT_OBJC_ISA_USAGE = YES_ERROR;
				CLANG_WARN_DOCUMENTATION_COMMENTS = YES;
				CLANG_WARN_EMPTY_BODY = YES;
				CLANG_WARN_ENUM_CONVERSION = YES;
				CLANG_WARN_INFINITE_RECURSION = YES;
				CLANG_WARN_INT_CONVERSION = YES;
				CLANG_WARN_OBJC_ROOT_CLASS = YES_ERROR;
				CLANG_WARN_SUSPICIOUS_MOVE = YES;
				CLANG_WARN_UNREACHABLE_CODE = YES;
				CLANG_WARN__DUPLICATE_METHOD_MATCH = YES;
				"CODE_SIGN_IDENTITY[sdk=iphoneos*]" = "iPhone Developer";
				COPY_PHASE_STRIP = NO;
				DEBUG_INFORMATION_FORMAT = "dwarf-with-dsym";
				ENABLE_NS_ASSERTIONS = NO;
				ENABLE_STRICT_OBJC_MSGSEND = YES;
				GCC_C_LANGUAGE_STANDARD = gnu99;
				GCC_NO_COMMON_BLOCKS = YES;
				GCC_WARN_64_TO_32_BIT_CONVERSION = YES;
				GCC_WARN_ABOUT_RETURN_TYPE = YES_ERROR;
				GCC_WARN_UNDECLARED_SELECTOR = YES;
				GCC_WARN_UNINITIALIZED_AUTOS = YES_AGGRESSIVE;
				GCC_WARN_UNUSED_FUNCTION = YES;
				GCC_WARN_UNUSED_VARIABLE = YES;
				IPHONEOS_DEPLOYMENT_TARGET = 10.2;
				MTL_ENABLE_DEBUG_INFO = NO;
				SDKROOT = iphoneos;
				VALIDATE_PRODUCT = YES;
			};
			name = Release;
		};
		255A19E21E269B8B00D65A05 /* Debug */ = {
			isa = XCBuildConfiguration;
			baseConfigurationReference = E5AA33D6C385761796435D04 /* Pods-王昆微博.debug.xcconfig */;
			buildSettings = {
				ASSETCATALOG_COMPILER_APPICON_NAME = AppIcon;
				"CODE_SIGN_IDENTITY[sdk=iphoneos*]" = "iPhone Developer";
				DEVELOPMENT_TEAM = QJWLHJJG53;
				GCC_PREFIX_HEADER = "王昆微博/Classes/Main/Controller/PrefixHeader.pch";
				INFOPLIST_FILE = "王昆微博/Info.plist";
				IPHONEOS_DEPLOYMENT_TARGET = 8.0;
				LD_RUNPATH_SEARCH_PATHS = "$(inherited) @executable_path/Frameworks";
				PRODUCT_BUNDLE_IDENTIFIER = "----";
				PRODUCT_NAME = "$(TARGET_NAME)";
			};
			name = Debug;
		};
		255A19E31E269B8B00D65A05 /* Release */ = {
			isa = XCBuildConfiguration;
			baseConfigurationReference = 7E534327B0BA664B9337AE19 /* Pods-王昆微博.release.xcconfig */;
			buildSettings = {
				ASSETCATALOG_COMPILER_APPICON_NAME = AppIcon;
				"CODE_SIGN_IDENTITY[sdk=iphoneos*]" = "iPhone Developer";
				DEVELOPMENT_TEAM = QJWLHJJG53;
				GCC_PREFIX_HEADER = "王昆微博/Classes/Main/Controller/PrefixHeader.pch";
				INFOPLIST_FILE = "王昆微博/Info.plist";
				IPHONEOS_DEPLOYMENT_TARGET = 8.0;
				LD_RUNPATH_SEARCH_PATHS = "$(inherited) @executable_path/Frameworks";
				PRODUCT_BUNDLE_IDENTIFIER = "----";
				PRODUCT_NAME = "$(TARGET_NAME)";
			};
			name = Release;
		};
		255A19E51E269B8B00D65A05 /* Debug */ = {
			isa = XCBuildConfiguration;
			buildSettings = {
				BUNDLE_LOADER = "$(TEST_HOST)";
				DEVELOPMENT_TEAM = 8Y2G5F25VK;
				INFOPLIST_FILE = "王昆微博Tests/Info.plist";
				LD_RUNPATH_SEARCH_PATHS = "$(inherited) @executable_path/Frameworks @loader_path/Frameworks";
				PRODUCT_BUNDLE_IDENTIFIER = "net.colorfulclouds.app.----Tests";
				PRODUCT_NAME = "$(TARGET_NAME)";
				TEST_HOST = "$(BUILT_PRODUCTS_DIR)/王昆微博.app/王昆微博";
			};
			name = Debug;
		};
		255A19E61E269B8B00D65A05 /* Release */ = {
			isa = XCBuildConfiguration;
			buildSettings = {
				BUNDLE_LOADER = "$(TEST_HOST)";
				DEVELOPMENT_TEAM = 8Y2G5F25VK;
				INFOPLIST_FILE = "王昆微博Tests/Info.plist";
				LD_RUNPATH_SEARCH_PATHS = "$(inherited) @executable_path/Frameworks @loader_path/Frameworks";
				PRODUCT_BUNDLE_IDENTIFIER = "net.colorfulclouds.app.----Tests";
				PRODUCT_NAME = "$(TARGET_NAME)";
				TEST_HOST = "$(BUILT_PRODUCTS_DIR)/王昆微博.app/王昆微博";
			};
			name = Release;
		};
		255A19E81E269B8B00D65A05 /* Debug */ = {
			isa = XCBuildConfiguration;
			buildSettings = {
				DEVELOPMENT_TEAM = 8Y2G5F25VK;
				INFOPLIST_FILE = "王昆微博UITests/Info.plist";
				LD_RUNPATH_SEARCH_PATHS = "$(inherited) @executable_path/Frameworks @loader_path/Frameworks";
				PRODUCT_BUNDLE_IDENTIFIER = "net.colorfulclouds.app.----UITests";
				PRODUCT_NAME = "$(TARGET_NAME)";
				TEST_TARGET_NAME = "王昆微博";
			};
			name = Debug;
		};
		255A19E91E269B8B00D65A05 /* Release */ = {
			isa = XCBuildConfiguration;
			buildSettings = {
				DEVELOPMENT_TEAM = 8Y2G5F25VK;
				INFOPLIST_FILE = "王昆微博UITests/Info.plist";
				LD_RUNPATH_SEARCH_PATHS = "$(inherited) @executable_path/Frameworks @loader_path/Frameworks";
				PRODUCT_BUNDLE_IDENTIFIER = "net.colorfulclouds.app.----UITests";
				PRODUCT_NAME = "$(TARGET_NAME)";
				TEST_TARGET_NAME = "王昆微博";
			};
			name = Release;
		};
/* End XCBuildConfiguration section */

/* Begin XCConfigurationList section */
		255A19AF1E269B8B00D65A05 /* Build configuration list for PBXProject "王昆微博" */ = {
			isa = XCConfigurationList;
			buildConfigurations = (
				255A19DF1E269B8B00D65A05 /* Debug */,
				255A19E01E269B8B00D65A05 /* Release */,
			);
			defaultConfigurationIsVisible = 0;
			defaultConfigurationName = Release;
		};
		255A19E11E269B8B00D65A05 /* Build configuration list for PBXNativeTarget "王昆微博" */ = {
			isa = XCConfigurationList;
			buildConfigurations = (
				255A19E21E269B8B00D65A05 /* Debug */,
				255A19E31E269B8B00D65A05 /* Release */,
			);
			defaultConfigurationIsVisible = 0;
			defaultConfigurationName = Release;
		};
		255A19E41E269B8B00D65A05 /* Build configuration list for PBXNativeTarget "王昆微博Tests" */ = {
			isa = XCConfigurationList;
			buildConfigurations = (
				255A19E51E269B8B00D65A05 /* Debug */,
				255A19E61E269B8B00D65A05 /* Release */,
			);
			defaultConfigurationIsVisible = 0;
			defaultConfigurationName = Release;
		};
		255A19E71E269B8B00D65A05 /* Build configuration list for PBXNativeTarget "王昆微博UITests" */ = {
			isa = XCConfigurationList;
			buildConfigurations = (
				255A19E81E269B8B00D65A05 /* Debug */,
				255A19E91E269B8B00D65A05 /* Release */,
			);
			defaultConfigurationIsVisible = 0;
			defaultConfigurationName = Release;
		};
/* End XCConfigurationList section */
	};
	rootObject = 255A19AC1E269B8B00D65A05 /* Project object */;
}
